// !$*UTF8*$!
{
	archiveVersion = 1;
	classes = {
	};
	objectVersion = 46;
	objects = {

/* Begin PBXBuildFile section */
		9D0E60AF1A89EEE7004807EE /* PostViewController.m in Sources */ = {isa = PBXBuildFile; fileRef = 9D0E60AE1A89EEE7004807EE /* PostViewController.m */; };
		9D43185D1A98040B001E9FCA /* DriveViewController.m in Sources */ = {isa = PBXBuildFile; fileRef = 9D43185C1A98040B001E9FCA /* DriveViewController.m */; };
		9D4318601A9806DE001E9FCA /* Bid.m in Sources */ = {isa = PBXBuildFile; fileRef = 9D43185F1A9806DE001E9FCA /* Bid.m */; };
		9D4318661A980B9B001E9FCA /* BiddingViewController.m in Sources */ = {isa = PBXBuildFile; fileRef = 9D4318651A980B9B001E9FCA /* BiddingViewController.m */; };
		9D4318691A98141C001E9FCA /* BidListViewController.m in Sources */ = {isa = PBXBuildFile; fileRef = 9D4318681A98141C001E9FCA /* BidListViewController.m */; };
		9D43186C1A98146A001E9FCA /* SelectBidViewController.m in Sources */ = {isa = PBXBuildFile; fileRef = 9D43186B1A98146A001E9FCA /* SelectBidViewController.m */; };
		9D932C191AA01098000020F5 /* CompletionViewController.m in Sources */ = {isa = PBXBuildFile; fileRef = 9D932C181AA01098000020F5 /* CompletionViewController.m */; };
		9D97660D1A89D44900F9AA8A /* KeychainItemWrapper.m in Sources */ = {isa = PBXBuildFile; fileRef = 9D97660C1A89D44900F9AA8A /* KeychainItemWrapper.m */; settings = {COMPILER_FLAGS = "-fno-objc-arc"; }; };
		9DA79FC51A8EBD470060E5D7 /* EmailAuthenticationViewController.m in Sources */ = {isa = PBXBuildFile; fileRef = 9DA79FC41A8EBD470060E5D7 /* EmailAuthenticationViewController.m */; };
		9DA79FD01A8ECDE00060E5D7 /* UserBase.m in Sources */ = {isa = PBXBuildFile; fileRef = 9DA79FCF1A8ECDE00060E5D7 /* UserBase.m */; };
		9DA79FD31A8ECE220060E5D7 /* User.m in Sources */ = {isa = PBXBuildFile; fileRef = 9DA79FD21A8ECE220060E5D7 /* User.m */; };
		9DAF7BDD1A9EA296001BAF1E /* Main.storyboard in Resources */ = {isa = PBXBuildFile; fileRef = 9DAF7BDB1A9EA296001BAF1E /* Main.storyboard */; };
		9DBE4BFC1A81AACD00F6E110 /* main.m in Sources */ = {isa = PBXBuildFile; fileRef = 9DBE4BFB1A81AACD00F6E110 /* main.m */; };
		9DBE4BFF1A81AACD00F6E110 /* AppDelegate.m in Sources */ = {isa = PBXBuildFile; fileRef = 9DBE4BFE1A81AACD00F6E110 /* AppDelegate.m */; };
		9DBE4C021A81AACD00F6E110 /* ViewController.m in Sources */ = {isa = PBXBuildFile; fileRef = 9DBE4C011A81AACD00F6E110 /* ViewController.m */; };
		9DBE4C071A81AACD00F6E110 /* Images.xcassets in Resources */ = {isa = PBXBuildFile; fileRef = 9DBE4C061A81AACD00F6E110 /* Images.xcassets */; };
		9DBE4C0A1A81AACD00F6E110 /* LaunchScreen.xib in Resources */ = {isa = PBXBuildFile; fileRef = 9DBE4C081A81AACD00F6E110 /* LaunchScreen.xib */; };
		9DBE4C161A81AACD00F6E110 /* TrosKitTests.m in Sources */ = {isa = PBXBuildFile; fileRef = 9DBE4C151A81AACD00F6E110 /* TrosKitTests.m */; };
		9DBE4C221A81AB0B00F6E110 /* Facebook Sign-In Button.png in Resources */ = {isa = PBXBuildFile; fileRef = 9DBE4C201A81AB0B00F6E110 /* Facebook Sign-In Button.png */; };
		9DBE4C231A81AB0B00F6E110 /* Google Sign-In Button.png in Resources */ = {isa = PBXBuildFile; fileRef = 9DBE4C211A81AB0B00F6E110 /* Google Sign-In Button.png */; };
		9DBE4C271A81AC5200F6E110 /* AuthenticationViewController.m in Sources */ = {isa = PBXBuildFile; fileRef = 9DBE4C261A81AC5200F6E110 /* AuthenticationViewController.m */; };
		9DBE4C321A81AEC600F6E110 /* GTMHTTPFetcher.m in Sources */ = {isa = PBXBuildFile; fileRef = 9DBE4C2A1A81AEC600F6E110 /* GTMHTTPFetcher.m */; settings = {COMPILER_FLAGS = "-fno-objc-arc"; }; };
		9DBE4C331A81AEC600F6E110 /* GTMOAuth2Authentication.m in Sources */ = {isa = PBXBuildFile; fileRef = 9DBE4C2C1A81AEC600F6E110 /* GTMOAuth2Authentication.m */; settings = {COMPILER_FLAGS = "-fno-objc-arc"; }; };
		9DBE4C341A81AEC600F6E110 /* GTMOAuth2SignIn.m in Sources */ = {isa = PBXBuildFile; fileRef = 9DBE4C2E1A81AEC600F6E110 /* GTMOAuth2SignIn.m */; settings = {COMPILER_FLAGS = "-fno-objc-arc"; }; };
		9DBE4C351A81AEC600F6E110 /* GTMOAuth2ViewControllerTouch.m in Sources */ = {isa = PBXBuildFile; fileRef = 9DBE4C301A81AEC600F6E110 /* GTMOAuth2ViewControllerTouch.m */; settings = {COMPILER_FLAGS = "-fno-objc-arc"; }; };
		9DBE4C361A81AEC600F6E110 /* GTMOAuth2ViewTouch.xib in Resources */ = {isa = PBXBuildFile; fileRef = 9DBE4C311A81AEC600F6E110 /* GTMOAuth2ViewTouch.xib */; };
		9DBE4C381A81AEF600F6E110 /* Security.framework in Frameworks */ = {isa = PBXBuildFile; fileRef = 9DBE4C371A81AEF600F6E110 /* Security.framework */; };
		9DBE4C3A1A81AF0000F6E110 /* SystemConfiguration.framework in Frameworks */ = {isa = PBXBuildFile; fileRef = 9DBE4C391A81AF0000F6E110 /* SystemConfiguration.framework */; };
		9DF1E27A1A93117E007E6AD8 /* Post.m in Sources */ = {isa = PBXBuildFile; fileRef = 9DF1E2791A93117E007E6AD8 /* Post.m */; };
		9DF1E27D1A93118D007E6AD8 /* PostList.m in Sources */ = {isa = PBXBuildFile; fileRef = 9DF1E27C1A93118D007E6AD8 /* PostList.m */; };
		9DF1E2801A931574007E6AD8 /* PostingViewController.m in Sources */ = {isa = PBXBuildFile; fileRef = 9DF1E27F1A931574007E6AD8 /* PostingViewController.m */; };
/* End PBXBuildFile section */

/* Begin PBXContainerItemProxy section */
		9DBE4C101A81AACD00F6E110 /* PBXContainerItemProxy */ = {
			isa = PBXContainerItemProxy;
			containerPortal = 9DBE4BEE1A81AACD00F6E110 /* Project object */;
			proxyType = 1;
			remoteGlobalIDString = 9DBE4BF51A81AACD00F6E110;
			remoteInfo = TrosKit;
		};
/* End PBXContainerItemProxy section */

/* Begin PBXFileReference section */
		9D0E60AD1A89EEE7004807EE /* PostViewController.h */ = {isa = PBXFileReference; fileEncoding = 4; lastKnownFileType = sourcecode.c.h; path = PostViewController.h; sourceTree = "<group>"; };
		9D0E60AE1A89EEE7004807EE /* PostViewController.m */ = {isa = PBXFileReference; fileEncoding = 4; lastKnownFileType = sourcecode.c.objc; path = PostViewController.m; sourceTree = "<group>"; };
		9D43185B1A98040B001E9FCA /* DriveViewController.h */ = {isa = PBXFileReference; fileEncoding = 4; lastKnownFileType = sourcecode.c.h; path = DriveViewController.h; sourceTree = "<group>"; };
		9D43185C1A98040B001E9FCA /* DriveViewController.m */ = {isa = PBXFileReference; fileEncoding = 4; lastKnownFileType = sourcecode.c.objc; path = DriveViewController.m; sourceTree = "<group>"; };
		9D43185E1A9806DE001E9FCA /* Bid.h */ = {isa = PBXFileReference; fileEncoding = 4; lastKnownFileType = sourcecode.c.h; path = Bid.h; sourceTree = "<group>"; };
		9D43185F1A9806DE001E9FCA /* Bid.m */ = {isa = PBXFileReference; fileEncoding = 4; lastKnownFileType = sourcecode.c.objc; path = Bid.m; sourceTree = "<group>"; };
		9D4318641A980B9B001E9FCA /* BiddingViewController.h */ = {isa = PBXFileReference; fileEncoding = 4; lastKnownFileType = sourcecode.c.h; path = BiddingViewController.h; sourceTree = "<group>"; };
		9D4318651A980B9B001E9FCA /* BiddingViewController.m */ = {isa = PBXFileReference; fileEncoding = 4; lastKnownFileType = sourcecode.c.objc; path = BiddingViewController.m; sourceTree = "<group>"; };
		9D4318671A98141C001E9FCA /* BidListViewController.h */ = {isa = PBXFileReference; fileEncoding = 4; lastKnownFileType = sourcecode.c.h; path = BidListViewController.h; sourceTree = "<group>"; };
		9D4318681A98141C001E9FCA /* BidListViewController.m */ = {isa = PBXFileReference; fileEncoding = 4; lastKnownFileType = sourcecode.c.objc; path = BidListViewController.m; sourceTree = "<group>"; };
		9D43186A1A98146A001E9FCA /* SelectBidViewController.h */ = {isa = PBXFileReference; fileEncoding = 4; lastKnownFileType = sourcecode.c.h; path = SelectBidViewController.h; sourceTree = "<group>"; };
		9D43186B1A98146A001E9FCA /* SelectBidViewController.m */ = {isa = PBXFileReference; fileEncoding = 4; lastKnownFileType = sourcecode.c.objc; path = SelectBidViewController.m; sourceTree = "<group>"; };
		9D932C171AA01098000020F5 /* CompletionViewController.h */ = {isa = PBXFileReference; fileEncoding = 4; lastKnownFileType = sourcecode.c.h; path = CompletionViewController.h; sourceTree = "<group>"; };
		9D932C181AA01098000020F5 /* CompletionViewController.m */ = {isa = PBXFileReference; fileEncoding = 4; lastKnownFileType = sourcecode.c.objc; path = CompletionViewController.m; sourceTree = "<group>"; };
		9D97660B1A89D44900F9AA8A /* KeychainItemWrapper.h */ = {isa = PBXFileReference; fileEncoding = 4; lastKnownFileType = sourcecode.c.h; path = KeychainItemWrapper.h; sourceTree = "<group>"; };
		9D97660C1A89D44900F9AA8A /* KeychainItemWrapper.m */ = {isa = PBXFileReference; fileEncoding = 4; lastKnownFileType = sourcecode.c.objc; path = KeychainItemWrapper.m; sourceTree = "<group>"; };
		9DA79FC31A8EBD470060E5D7 /* EmailAuthenticationViewController.h */ = {isa = PBXFileReference; fileEncoding = 4; lastKnownFileType = sourcecode.c.h; path = EmailAuthenticationViewController.h; sourceTree = "<group>"; };
		9DA79FC41A8EBD470060E5D7 /* EmailAuthenticationViewController.m */ = {isa = PBXFileReference; fileEncoding = 4; lastKnownFileType = sourcecode.c.objc; path = EmailAuthenticationViewController.m; sourceTree = "<group>"; };
		9DA79FCE1A8ECDE00060E5D7 /* UserBase.h */ = {isa = PBXFileReference; fileEncoding = 4; lastKnownFileType = sourcecode.c.h; path = UserBase.h; sourceTree = "<group>"; };
		9DA79FCF1A8ECDE00060E5D7 /* UserBase.m */ = {isa = PBXFileReference; fileEncoding = 4; lastKnownFileType = sourcecode.c.objc; path = UserBase.m; sourceTree = "<group>"; };
		9DA79FD11A8ECE220060E5D7 /* User.h */ = {isa = PBXFileReference; fileEncoding = 4; lastKnownFileType = sourcecode.c.h; path = User.h; sourceTree = "<group>"; };
		9DA79FD21A8ECE220060E5D7 /* User.m */ = {isa = PBXFileReference; fileEncoding = 4; lastKnownFileType = sourcecode.c.objc; path = User.m; sourceTree = "<group>"; };
		9DAF7BDC1A9EA296001BAF1E /* Base */ = {isa = PBXFileReference; lastKnownFileType = file.storyboard; name = Base; path = "Kwesi TrosKit/TrosKit/TrosKit/Base.lproj/Main.storyboard"; sourceTree = "<group>"; };
		9DBE4BF61A81AACD00F6E110 /* TrosKit.app */ = {isa = PBXFileReference; explicitFileType = wrapper.application; includeInIndex = 0; path = TrosKit.app; sourceTree = BUILT_PRODUCTS_DIR; };
		9DBE4BFA1A81AACD00F6E110 /* Info.plist */ = {isa = PBXFileReference; lastKnownFileType = text.plist.xml; path = Info.plist; sourceTree = "<group>"; };
		9DBE4BFB1A81AACD00F6E110 /* main.m */ = {isa = PBXFileReference; lastKnownFileType = sourcecode.c.objc; path = main.m; sourceTree = "<group>"; };
		9DBE4BFD1A81AACD00F6E110 /* AppDelegate.h */ = {isa = PBXFileReference; lastKnownFileType = sourcecode.c.h; path = AppDelegate.h; sourceTree = "<group>"; };
		9DBE4BFE1A81AACD00F6E110 /* AppDelegate.m */ = {isa = PBXFileReference; lastKnownFileType = sourcecode.c.objc; path = AppDelegate.m; sourceTree = "<group>"; };
		9DBE4C001A81AACD00F6E110 /* ViewController.h */ = {isa = PBXFileReference; lastKnownFileType = sourcecode.c.h; path = ViewController.h; sourceTree = "<group>"; };
		9DBE4C011A81AACD00F6E110 /* ViewController.m */ = {isa = PBXFileReference; lastKnownFileType = sourcecode.c.objc; path = ViewController.m; sourceTree = "<group>"; };
		9DBE4C061A81AACD00F6E110 /* Images.xcassets */ = {isa = PBXFileReference; lastKnownFileType = folder.assetcatalog; path = Images.xcassets; sourceTree = "<group>"; };
		9DBE4C091A81AACD00F6E110 /* Base */ = {isa = PBXFileReference; lastKnownFileType = file.xib; name = Base; path = Base.lproj/LaunchScreen.xib; sourceTree = "<group>"; };
		9DBE4C0F1A81AACD00F6E110 /* TrosKitTests.xctest */ = {isa = PBXFileReference; explicitFileType = wrapper.cfbundle; includeInIndex = 0; path = TrosKitTests.xctest; sourceTree = BUILT_PRODUCTS_DIR; };
		9DBE4C141A81AACD00F6E110 /* Info.plist */ = {isa = PBXFileReference; lastKnownFileType = text.plist.xml; path = Info.plist; sourceTree = "<group>"; };
		9DBE4C151A81AACD00F6E110 /* TrosKitTests.m */ = {isa = PBXFileReference; lastKnownFileType = sourcecode.c.objc; path = TrosKitTests.m; sourceTree = "<group>"; };
		9DBE4C201A81AB0B00F6E110 /* Facebook Sign-In Button.png */ = {isa = PBXFileReference; lastKnownFileType = image.png; path = "Facebook Sign-In Button.png"; sourceTree = "<group>"; };
		9DBE4C211A81AB0B00F6E110 /* Google Sign-In Button.png */ = {isa = PBXFileReference; lastKnownFileType = image.png; path = "Google Sign-In Button.png"; sourceTree = "<group>"; };
		9DBE4C251A81AC5200F6E110 /* AuthenticationViewController.h */ = {isa = PBXFileReference; fileEncoding = 4; lastKnownFileType = sourcecode.c.h; path = AuthenticationViewController.h; sourceTree = "<group>"; };
		9DBE4C261A81AC5200F6E110 /* AuthenticationViewController.m */ = {isa = PBXFileReference; fileEncoding = 4; lastKnownFileType = sourcecode.c.objc; path = AuthenticationViewController.m; sourceTree = "<group>"; };
		9DBE4C291A81AEC600F6E110 /* GTMHTTPFetcher.h */ = {isa = PBXFileReference; fileEncoding = 4; lastKnownFileType = sourcecode.c.h; path = GTMHTTPFetcher.h; sourceTree = "<group>"; };
		9DBE4C2A1A81AEC600F6E110 /* GTMHTTPFetcher.m */ = {isa = PBXFileReference; fileEncoding = 4; lastKnownFileType = sourcecode.c.objc; path = GTMHTTPFetcher.m; sourceTree = "<group>"; };
		9DBE4C2B1A81AEC600F6E110 /* GTMOAuth2Authentication.h */ = {isa = PBXFileReference; fileEncoding = 4; lastKnownFileType = sourcecode.c.h; path = GTMOAuth2Authentication.h; sourceTree = "<group>"; };
		9DBE4C2C1A81AEC600F6E110 /* GTMOAuth2Authentication.m */ = {isa = PBXFileReference; fileEncoding = 4; lastKnownFileType = sourcecode.c.objc; path = GTMOAuth2Authentication.m; sourceTree = "<group>"; };
		9DBE4C2D1A81AEC600F6E110 /* GTMOAuth2SignIn.h */ = {isa = PBXFileReference; fileEncoding = 4; lastKnownFileType = sourcecode.c.h; path = GTMOAuth2SignIn.h; sourceTree = "<group>"; };
		9DBE4C2E1A81AEC600F6E110 /* GTMOAuth2SignIn.m */ = {isa = PBXFileReference; fileEncoding = 4; lastKnownFileType = sourcecode.c.objc; path = GTMOAuth2SignIn.m; sourceTree = "<group>"; };
		9DBE4C2F1A81AEC600F6E110 /* GTMOAuth2ViewControllerTouch.h */ = {isa = PBXFileReference; fileEncoding = 4; lastKnownFileType = sourcecode.c.h; path = GTMOAuth2ViewControllerTouch.h; sourceTree = "<group>"; };
		9DBE4C301A81AEC600F6E110 /* GTMOAuth2ViewControllerTouch.m */ = {isa = PBXFileReference; fileEncoding = 4; lastKnownFileType = sourcecode.c.objc; path = GTMOAuth2ViewControllerTouch.m; sourceTree = "<group>"; };
		9DBE4C311A81AEC600F6E110 /* GTMOAuth2ViewTouch.xib */ = {isa = PBXFileReference; fileEncoding = 4; lastKnownFileType = file.xib; path = GTMOAuth2ViewTouch.xib; sourceTree = "<group>"; };
		9DBE4C371A81AEF600F6E110 /* Security.framework */ = {isa = PBXFileReference; lastKnownFileType = wrapper.framework; name = Security.framework; path = System/Library/Frameworks/Security.framework; sourceTree = SDKROOT; };
		9DBE4C391A81AF0000F6E110 /* SystemConfiguration.framework */ = {isa = PBXFileReference; lastKnownFileType = wrapper.framework; name = SystemConfiguration.framework; path = System/Library/Frameworks/SystemConfiguration.framework; sourceTree = SDKROOT; };
		9DF1E2781A93117E007E6AD8 /* Post.h */ = {isa = PBXFileReference; fileEncoding = 4; lastKnownFileType = sourcecode.c.h; path = Post.h; sourceTree = "<group>"; };
		9DF1E2791A93117E007E6AD8 /* Post.m */ = {isa = PBXFileReference; fileEncoding = 4; lastKnownFileType = sourcecode.c.objc; path = Post.m; sourceTree = "<group>"; };
		9DF1E27B1A93118D007E6AD8 /* PostList.h */ = {isa = PBXFileReference; fileEncoding = 4; lastKnownFileType = sourcecode.c.h; path = PostList.h; sourceTree = "<group>"; };
		9DF1E27C1A93118D007E6AD8 /* PostList.m */ = {isa = PBXFileReference; fileEncoding = 4; lastKnownFileType = sourcecode.c.objc; path = PostList.m; sourceTree = "<group>"; };
		9DF1E27E1A931574007E6AD8 /* PostingViewController.h */ = {isa = PBXFileReference; fileEncoding = 4; lastKnownFileType = sourcecode.c.h; path = PostingViewController.h; sourceTree = "<group>"; };
		9DF1E27F1A931574007E6AD8 /* PostingViewController.m */ = {isa = PBXFileReference; fileEncoding = 4; lastKnownFileType = sourcecode.c.objc; path = PostingViewController.m; sourceTree = "<group>"; };
/* End PBXFileReference section */

/* Begin PBXFrameworksBuildPhase section */
		9DBE4BF31A81AACD00F6E110 /* Frameworks */ = {
			isa = PBXFrameworksBuildPhase;
			buildActionMask = 2147483647;
			files = (
				9DBE4C3A1A81AF0000F6E110 /* SystemConfiguration.framework in Frameworks */,
				9DBE4C381A81AEF600F6E110 /* Security.framework in Frameworks */,
			);
			runOnlyForDeploymentPostprocessing = 0;
		};
		9DBE4C0C1A81AACD00F6E110 /* Frameworks */ = {
			isa = PBXFrameworksBuildPhase;
			buildActionMask = 2147483647;
			files = (
			);
			runOnlyForDeploymentPostprocessing = 0;
		};
/* End PBXFrameworksBuildPhase section */

/* Begin PBXGroup section */
		9D97660A1A89D43900F9AA8A /* Keychain */ = {
			isa = PBXGroup;
			children = (
				9D97660B1A89D44900F9AA8A /* KeychainItemWrapper.h */,
				9D97660C1A89D44900F9AA8A /* KeychainItemWrapper.m */,
			);
			name = Keychain;
			sourceTree = "<group>";
		};
		9DA79FC61A8EC43E0060E5D7 /* Data (temporary) */ = {
			isa = PBXGroup;
			children = (
				9DA79FCE1A8ECDE00060E5D7 /* UserBase.h */,
				9DA79FCF1A8ECDE00060E5D7 /* UserBase.m */,
				9DA79FD11A8ECE220060E5D7 /* User.h */,
				9DA79FD21A8ECE220060E5D7 /* User.m */,
				9DF1E2781A93117E007E6AD8 /* Post.h */,
				9DF1E2791A93117E007E6AD8 /* Post.m */,
				9DF1E27B1A93118D007E6AD8 /* PostList.h */,
				9DF1E27C1A93118D007E6AD8 /* PostList.m */,
				9D43185E1A9806DE001E9FCA /* Bid.h */,
				9D43185F1A9806DE001E9FCA /* Bid.m */,
			);
			name = "Data (temporary)";
			sourceTree = "<group>";
		};
		9DBE4BED1A81AACD00F6E110 = {
			isa = PBXGroup;
			children = (
				9DBE4C391A81AF0000F6E110 /* SystemConfiguration.framework */,
				9DBE4C371A81AEF600F6E110 /* Security.framework */,
				9DBE4BF81A81AACD00F6E110 /* TrosKit */,
				9DBE4C121A81AACD00F6E110 /* TrosKitTests */,
				9DBE4BF71A81AACD00F6E110 /* Products */,
			);
			sourceTree = "<group>";
		};
		9DBE4BF71A81AACD00F6E110 /* Products */ = {
			isa = PBXGroup;
			children = (
				9DBE4BF61A81AACD00F6E110 /* TrosKit.app */,
				9DBE4C0F1A81AACD00F6E110 /* TrosKitTests.xctest */,
			);
			name = Products;
			sourceTree = "<group>";
		};
		9DBE4BF81A81AACD00F6E110 /* TrosKit */ = {
			isa = PBXGroup;
			children = (
				9DA79FC61A8EC43E0060E5D7 /* Data (temporary) */,
				9D97660A1A89D43900F9AA8A /* Keychain */,
				9DBE4C281A81AEA700F6E110 /* GTM OAuth2 */,
				9DBE4C241A81AC3D00F6E110 /* ViewControllers */,
				9DBE4BFD1A81AACD00F6E110 /* AppDelegate.h */,
				9DAF7BDB1A9EA296001BAF1E /* Main.storyboard */,
				9DBE4BFE1A81AACD00F6E110 /* AppDelegate.m */,
				9DBE4C061A81AACD00F6E110 /* Images.xcassets */,
				9DBE4C081A81AACD00F6E110 /* LaunchScreen.xib */,
				9DBE4C1F1A81AAFD00F6E110 /* Images */,
				9DBE4BF91A81AACD00F6E110 /* Supporting Files */,
			);
			path = TrosKit;
			sourceTree = "<group>";
		};
		9DBE4BF91A81AACD00F6E110 /* Supporting Files */ = {
			isa = PBXGroup;
			children = (
				9DBE4BFA1A81AACD00F6E110 /* Info.plist */,
				9DBE4BFB1A81AACD00F6E110 /* main.m */,
			);
			name = "Supporting Files";
			sourceTree = "<group>";
		};
		9DBE4C121A81AACD00F6E110 /* TrosKitTests */ = {
			isa = PBXGroup;
			children = (
				9DBE4C151A81AACD00F6E110 /* TrosKitTests.m */,
				9DBE4C131A81AACD00F6E110 /* Supporting Files */,
			);
			path = TrosKitTests;
			sourceTree = "<group>";
		};
		9DBE4C131A81AACD00F6E110 /* Supporting Files */ = {
			isa = PBXGroup;
			children = (
				9DBE4C141A81AACD00F6E110 /* Info.plist */,
			);
			name = "Supporting Files";
			sourceTree = "<group>";
		};
		9DBE4C1F1A81AAFD00F6E110 /* Images */ = {
			isa = PBXGroup;
			children = (
				9DBE4C201A81AB0B00F6E110 /* Facebook Sign-In Button.png */,
				9DBE4C211A81AB0B00F6E110 /* Google Sign-In Button.png */,
			);
			name = Images;
			sourceTree = "<group>";
		};
		9DBE4C241A81AC3D00F6E110 /* ViewControllers */ = {
			isa = PBXGroup;
			children = (
				9DBE4C001A81AACD00F6E110 /* ViewController.h */,
				9DBE4C011A81AACD00F6E110 /* ViewController.m */,
				9DBE4C251A81AC5200F6E110 /* AuthenticationViewController.h */,
				9DBE4C261A81AC5200F6E110 /* AuthenticationViewController.m */,
				9D0E60AD1A89EEE7004807EE /* PostViewController.h */,
				9D0E60AE1A89EEE7004807EE /* PostViewController.m */,
				9DA79FC31A8EBD470060E5D7 /* EmailAuthenticationViewController.h */,
				9DA79FC41A8EBD470060E5D7 /* EmailAuthenticationViewController.m */,
				9DF1E27E1A931574007E6AD8 /* PostingViewController.h */,
				9DF1E27F1A931574007E6AD8 /* PostingViewController.m */,
				9D43185B1A98040B001E9FCA /* DriveViewController.h */,
				9D43185C1A98040B001E9FCA /* DriveViewController.m */,
				9D4318641A980B9B001E9FCA /* BiddingViewController.h */,
				9D4318651A980B9B001E9FCA /* BiddingViewController.m */,
				9D4318671A98141C001E9FCA /* BidListViewController.h */,
				9D4318681A98141C001E9FCA /* BidListViewController.m */,
				9D43186A1A98146A001E9FCA /* SelectBidViewController.h */,
				9D43186B1A98146A001E9FCA /* SelectBidViewController.m */,
				9D932C171AA01098000020F5 /* CompletionViewController.h */,
				9D932C181AA01098000020F5 /* CompletionViewController.m */,
			);
			name = ViewControllers;
			sourceTree = "<group>";
		};
		9DBE4C281A81AEA700F6E110 /* GTM OAuth2 */ = {
			isa = PBXGroup;
			children = (
				9DBE4C291A81AEC600F6E110 /* GTMHTTPFetcher.h */,
				9DBE4C2A1A81AEC600F6E110 /* GTMHTTPFetcher.m */,
				9DBE4C2B1A81AEC600F6E110 /* GTMOAuth2Authentication.h */,
				9DBE4C2C1A81AEC600F6E110 /* GTMOAuth2Authentication.m */,
				9DBE4C2D1A81AEC600F6E110 /* GTMOAuth2SignIn.h */,
				9DBE4C2E1A81AEC600F6E110 /* GTMOAuth2SignIn.m */,
				9DBE4C2F1A81AEC600F6E110 /* GTMOAuth2ViewControllerTouch.h */,
				9DBE4C301A81AEC600F6E110 /* GTMOAuth2ViewControllerTouch.m */,
				9DBE4C311A81AEC600F6E110 /* GTMOAuth2ViewTouch.xib */,
			);
			name = "GTM OAuth2";
			sourceTree = "<group>";
		};
/* End PBXGroup section */

/* Begin PBXNativeTarget section */
		9DBE4BF51A81AACD00F6E110 /* TrosKit */ = {
			isa = PBXNativeTarget;
			buildConfigurationList = 9DBE4C191A81AACD00F6E110 /* Build configuration list for PBXNativeTarget "TrosKit" */;
			buildPhases = (
				9DBE4BF21A81AACD00F6E110 /* Sources */,
				9DBE4BF31A81AACD00F6E110 /* Frameworks */,
				9DBE4BF41A81AACD00F6E110 /* Resources */,
			);
			buildRules = (
			);
			dependencies = (
			);
			name = TrosKit;
			productName = TrosKit;
			productReference = 9DBE4BF61A81AACD00F6E110 /* TrosKit.app */;
			productType = "com.apple.product-type.application";
		};
		9DBE4C0E1A81AACD00F6E110 /* TrosKitTests */ = {
			isa = PBXNativeTarget;
			buildConfigurationList = 9DBE4C1C1A81AACD00F6E110 /* Build configuration list for PBXNativeTarget "TrosKitTests" */;
			buildPhases = (
				9DBE4C0B1A81AACD00F6E110 /* Sources */,
				9DBE4C0C1A81AACD00F6E110 /* Frameworks */,
				9DBE4C0D1A81AACD00F6E110 /* Resources */,
			);
			buildRules = (
			);
			dependencies = (
				9DBE4C111A81AACD00F6E110 /* PBXTargetDependency */,
			);
			name = TrosKitTests;
			productName = TrosKitTests;
			productReference = 9DBE4C0F1A81AACD00F6E110 /* TrosKitTests.xctest */;
			productType = "com.apple.product-type.bundle.unit-test";
		};
/* End PBXNativeTarget section */

/* Begin PBXProject section */
		9DBE4BEE1A81AACD00F6E110 /* Project object */ = {
			isa = PBXProject;
			attributes = {
				LastUpgradeCheck = 0610;
				ORGANIZATIONNAME = "Alex Boulton";
				TargetAttributes = {
					9DBE4BF51A81AACD00F6E110 = {
						CreatedOnToolsVersion = 6.1.1;
					};
					9DBE4C0E1A81AACD00F6E110 = {
						CreatedOnToolsVersion = 6.1.1;
						TestTargetID = 9DBE4BF51A81AACD00F6E110;
					};
				};
			};
			buildConfigurationList = 9DBE4BF11A81AACD00F6E110 /* Build configuration list for PBXProject "TrosKit" */;
			compatibilityVersion = "Xcode 3.2";
			developmentRegion = English;
			hasScannedForEncodings = 0;
			knownRegions = (
				en,
				Base,
			);
			mainGroup = 9DBE4BED1A81AACD00F6E110;
			productRefGroup = 9DBE4BF71A81AACD00F6E110 /* Products */;
			projectDirPath = "";
			projectRoot = "";
			targets = (
				9DBE4BF51A81AACD00F6E110 /* TrosKit */,
				9DBE4C0E1A81AACD00F6E110 /* TrosKitTests */,
			);
		};
/* End PBXProject section */

/* Begin PBXResourcesBuildPhase section */
		9DBE4BF41A81AACD00F6E110 /* Resources */ = {
			isa = PBXResourcesBuildPhase;
			buildActionMask = 2147483647;
			files = (
				9DBE4C361A81AEC600F6E110 /* GTMOAuth2ViewTouch.xib in Resources */,
				9DBE4C221A81AB0B00F6E110 /* Facebook Sign-In Button.png in Resources */,
				9DBE4C231A81AB0B00F6E110 /* Google Sign-In Button.png in Resources */,
				9DAF7BDD1A9EA296001BAF1E /* Main.storyboard in Resources */,
				9DBE4C0A1A81AACD00F6E110 /* LaunchScreen.xib in Resources */,
				9DBE4C071A81AACD00F6E110 /* Images.xcassets in Resources */,
			);
			runOnlyForDeploymentPostprocessing = 0;
		};
		9DBE4C0D1A81AACD00F6E110 /* Resources */ = {
			isa = PBXResourcesBuildPhase;
			buildActionMask = 2147483647;
			files = (
			);
			runOnlyForDeploymentPostprocessing = 0;
		};
/* End PBXResourcesBuildPhase section */

/* Begin PBXSourcesBuildPhase section */
		9DBE4BF21A81AACD00F6E110 /* Sources */ = {
			isa = PBXSourcesBuildPhase;
			buildActionMask = 2147483647;
			files = (
				9DA79FD31A8ECE220060E5D7 /* User.m in Sources */,
				9DBE4C341A81AEC600F6E110 /* GTMOAuth2SignIn.m in Sources */,
				9DA79FD01A8ECDE00060E5D7 /* UserBase.m in Sources */,
				9DBE4C271A81AC5200F6E110 /* AuthenticationViewController.m in Sources */,
				9D43185D1A98040B001E9FCA /* DriveViewController.m in Sources */,
				9DBE4C021A81AACD00F6E110 /* ViewController.m in Sources */,
				9DF1E2801A931574007E6AD8 /* PostingViewController.m in Sources */,
				9DBE4BFF1A81AACD00F6E110 /* AppDelegate.m in Sources */,
				9D0E60AF1A89EEE7004807EE /* PostViewController.m in Sources */,
				9DBE4C331A81AEC600F6E110 /* GTMOAuth2Authentication.m in Sources */,
				9D932C191AA01098000020F5 /* CompletionViewController.m in Sources */,
				9D43186C1A98146A001E9FCA /* SelectBidViewController.m in Sources */,
				9DBE4BFC1A81AACD00F6E110 /* main.m in Sources */,
				9DF1E27D1A93118D007E6AD8 /* PostList.m in Sources */,
				9DBE4C351A81AEC600F6E110 /* GTMOAuth2ViewControllerTouch.m in Sources */,
				9DBE4C321A81AEC600F6E110 /* GTMHTTPFetcher.m in Sources */,
				9D4318661A980B9B001E9FCA /* BiddingViewController.m in Sources */,
				9D97660D1A89D44900F9AA8A /* KeychainItemWrapper.m in Sources */,
				9D4318691A98141C001E9FCA /* BidListViewController.m in Sources */,
				9D4318601A9806DE001E9FCA /* Bid.m in Sources */,
				9DA79FC51A8EBD470060E5D7 /* EmailAuthenticationViewController.m in Sources */,
				9DF1E27A1A93117E007E6AD8 /* Post.m in Sources */,
			);
			runOnlyForDeploymentPostprocessing = 0;
		};
		9DBE4C0B1A81AACD00F6E110 /* Sources */ = {
			isa = PBXSourcesBuildPhase;
			buildActionMask = 2147483647;
			files = (
				9DBE4C161A81AACD00F6E110 /* TrosKitTests.m in Sources */,
			);
			runOnlyForDeploymentPostprocessing = 0;
		};
/* End PBXSourcesBuildPhase section */

/* Begin PBXTargetDependency section */
		9DBE4C111A81AACD00F6E110 /* PBXTargetDependency */ = {
			isa = PBXTargetDependency;
			target = 9DBE4BF51A81AACD00F6E110 /* TrosKit */;
			targetProxy = 9DBE4C101A81AACD00F6E110 /* PBXContainerItemProxy */;
		};
/* End PBXTargetDependency section */

/* Begin PBXVariantGroup section */
		9DAF7BDB1A9EA296001BAF1E /* Main.storyboard */ = {
			isa = PBXVariantGroup;
			children = (
				9DAF7BDC1A9EA296001BAF1E /* Base */,
			);
			name = Main.storyboard;
			sourceTree = "<group>";
		};
		9DBE4C081A81AACD00F6E110 /* LaunchScreen.xib */ = {
			isa = PBXVariantGroup;
			children = (
				9DBE4C091A81AACD00F6E110 /* Base */,
			);
			name = LaunchScreen.xib;
			sourceTree = "<group>";
		};
/* End PBXVariantGroup section */

/* Begin XCBuildConfiguration section */
		9DBE4C171A81AACD00F6E110 /* Debug */ = {
			isa = XCBuildConfiguration;
			buildSettings = {
				ALWAYS_SEARCH_USER_PATHS = NO;
				CLANG_CXX_LANGUAGE_STANDARD = "gnu++0x";
				CLANG_CXX_LIBRARY = "libc++";
				CLANG_ENABLE_MODULES = YES;
				CLANG_ENABLE_OBJC_ARC = YES;
				CLANG_WARN_BOOL_CONVERSION = YES;
				CLANG_WARN_CONSTANT_CONVERSION = YES;
				CLANG_WARN_DIRECT_OBJC_ISA_USAGE = YES_ERROR;
				CLANG_WARN_EMPTY_BODY = YES;
				CLANG_WARN_ENUM_CONVERSION = YES;
				CLANG_WARN_INT_CONVERSION = YES;
				CLANG_WARN_OBJC_ROOT_CLASS = YES_ERROR;
				CLANG_WARN_UNREACHABLE_CODE = YES;
				CLANG_WARN__DUPLICATE_METHOD_MATCH = YES;
				"CODE_SIGN_IDENTITY[sdk=iphoneos*]" = "iPhone Developer";
				COPY_PHASE_STRIP = NO;
				ENABLE_STRICT_OBJC_MSGSEND = YES;
				GCC_C_LANGUAGE_STANDARD = gnu99;
				GCC_DYNAMIC_NO_PIC = NO;
				GCC_OPTIMIZATION_LEVEL = 0;
				GCC_PREPROCESSOR_DEFINITIONS = (
					"DEBUG=1",
					"$(inherited)",
				);
				GCC_SYMBOLS_PRIVATE_EXTERN = NO;
				GCC_WARN_64_TO_32_BIT_CONVERSION = YES;
				GCC_WARN_ABOUT_RETURN_TYPE = YES_ERROR;
				GCC_WARN_UNDECLARED_SELECTOR = YES;
				GCC_WARN_UNINITIALIZED_AUTOS = YES_AGGRESSIVE;
				GCC_WARN_UNUSED_FUNCTION = YES;
				GCC_WARN_UNUSED_VARIABLE = YES;
				IPHONEOS_DEPLOYMENT_TARGET = 8.1;
				MTL_ENABLE_DEBUG_INFO = YES;
				ONLY_ACTIVE_ARCH = YES;
				SDKROOT = iphoneos;
			};
			name = Debug;
		};
		9DBE4C181A81AACD00F6E110 /* Release */ = {
			isa = XCBuildConfiguration;
			buildSettings = {
				ALWAYS_SEARCH_USER_PATHS = NO;
				CLANG_CXX_LANGUAGE_STANDARD = "gnu++0x";
				CLANG_CXX_LIBRARY = "libc++";
				CLANG_ENABLE_MODULES = YES;
				CLANG_ENABLE_OBJC_ARC = YES;
				CLANG_WARN_BOOL_CONVERSION = YES;
				CLANG_WARN_CONSTANT_CONVERSION = YES;
				CLANG_WARN_DIRECT_OBJC_ISA_USAGE = YES_ERROR;
				CLANG_WARN_EMPTY_BODY = YES;
				CLANG_WARN_ENUM_CONVERSION = YES;
				CLANG_WARN_INT_CONVERSION = YES;
				CLANG_WARN_OBJC_ROOT_CLASS = YES_ERROR;
				CLANG_WARN_UNREACHABLE_CODE = YES;
				CLANG_WARN__DUPLICATE_METHOD_MATCH = YES;
				"CODE_SIGN_IDENTITY[sdk=iphoneos*]" = "iPhone Developer";
				COPY_PHASE_STRIP = YES;
				ENABLE_NS_ASSERTIONS = NO;
				ENABLE_STRICT_OBJC_MSGSEND = YES;
				GCC_C_LANGUAGE_STANDARD = gnu99;
				GCC_WARN_64_TO_32_BIT_CONVERSION = YES;
				GCC_WARN_ABOUT_RETURN_TYPE = YES_ERROR;
				GCC_WARN_UNDECLARED_SELECTOR = YES;
				GCC_WARN_UNINITIALIZED_AUTOS = YES_AGGRESSIVE;
				GCC_WARN_UNUSED_FUNCTION = YES;
				GCC_WARN_UNUSED_VARIABLE = YES;
				IPHONEOS_DEPLOYMENT_TARGET = 8.1;
				MTL_ENABLE_DEBUG_INFO = NO;
				SDKROOT = iphoneos;
				VALIDATE_PRODUCT = YES;
			};
			name = Release;
		};
		9DBE4C1A1A81AACD00F6E110 /* Debug */ = {
			isa = XCBuildConfiguration;
			buildSettings = {
				ASSETCATALOG_COMPILER_APPICON_NAME = AppIcon;
				INFOPLIST_FILE = TrosKit/Info.plist;
				LD_RUNPATH_SEARCH_PATHS = "$(inherited) @executable_path/Frameworks";
				PRODUCT_NAME = "$(TARGET_NAME)";
			};
			name = Debug;
		};
		9DBE4C1B1A81AACD00F6E110 /* Release */ = {
			isa = XCBuildConfiguration;
			buildSettings = {
				ASSETCATALOG_COMPILER_APPICON_NAME = AppIcon;
				INFOPLIST_FILE = TrosKit/Info.plist;
				LD_RUNPATH_SEARCH_PATHS = "$(inherited) @executable_path/Frameworks";
				PRODUCT_NAME = "$(TARGET_NAME)";
			};
			name = Release;
		};
		9DBE4C1D1A81AACD00F6E110 /* Debug */ = {
			isa = XCBuildConfiguration;
			buildSettings = {
				BUNDLE_LOADER = "$(TEST_HOST)";
				FRAMEWORK_SEARCH_PATHS = (
					"$(SDKROOT)/Developer/Library/Frameworks",
					"$(inherited)",
				);
				GCC_PREPROCESSOR_DEFINITIONS = (
					"DEBUG=1",
					"$(inherited)",
				);
				INFOPLIST_FILE = TrosKitTests/Info.plist;
				LD_RUNPATH_SEARCH_PATHS = "$(inherited) @executable_path/Frameworks @loader_path/Frameworks";
				PRODUCT_NAME = "$(TARGET_NAME)";
				TEST_HOST = "$(BUILT_PRODUCTS_DIR)/TrosKit.app/TrosKit";
			};
			name = Debug;
		};
		9DBE4C1E1A81AACD00F6E110 /* Release */ = {
			isa = XCBuildConfiguration;
			buildSettings = {
				BUNDLE_LOADER = "$(TEST_HOST)";
				FRAMEWORK_SEARCH_PATHS = (
					"$(SDKROOT)/Developer/Library/Frameworks",
					"$(inherited)",
				);
				INFOPLIST_FILE = TrosKitTests/Info.plist;
				LD_RUNPATH_SEARCH_PATHS = "$(inherited) @executable_path/Frameworks @loader_path/Frameworks";
				PRODUCT_NAME = "$(TARGET_NAME)";
				TEST_HOST = "$(BUILT_PRODUCTS_DIR)/TrosKit.app/TrosKit";
			};
			name = Release;
		};
/* End XCBuildConfiguration section */

/* Begin XCConfigurationList section */
		9DBE4BF11A81AACD00F6E110 /* Build configuration list for PBXProject "TrosKit" */ = {
			isa = XCConfigurationList;
			buildConfigurations = (
				9DBE4C171A81AACD00F6E110 /* Debug */,
				9DBE4C181A81AACD00F6E110 /* Release */,
			);
			defaultConfigurationIsVisible = 0;
			defaultConfigurationName = Release;
		};
		9DBE4C191A81AACD00F6E110 /* Build configuration list for PBXNativeTarget "TrosKit" */ = {
			isa = XCConfigurationList;
			buildConfigurations = (
				9DBE4C1A1A81AACD00F6E110 /* Debug */,
				9DBE4C1B1A81AACD00F6E110 /* Release */,
			);
			defaultConfigurationIsVisible = 0;
			defaultConfigurationName = Release;
		};
		9DBE4C1C1A81AACD00F6E110 /* Build configuration list for PBXNativeTarget "TrosKitTests" */ = {
			isa = XCConfigurationList;
			buildConfigurations = (
				9DBE4C1D1A81AACD00F6E110 /* Debug */,
				9DBE4C1E1A81AACD00F6E110 /* Release */,
			);
			defaultConfigurationIsVisible = 0;
			defaultConfigurationName = Release;
		};
/* End XCConfigurationList section */
	};
	rootObject = 9DBE4BEE1A81AACD00F6E110 /* Project object */;
}
